
Microsoft Visual Studio Solution File, Format Version 12.00
# Visual Studio Version 17
VisualStudioVersion = 17.11.35312.102
MinimumVisualStudioVersion = 10.0.40219.1
Project("{8BC9CEB8-8B4A-11D0-8D11-00A0C91BC942}") = "zuoye4.10", "zuoye4.10\zuoye4.10.vcxproj", "{59F8B6C2-DC62-402A-ABB1-D1E3F5A564D4}"
EndProject
Global
	GlobalSection(SolutionConfigurationPlatforms) = preSolution
		Debug|x64 = Debug|x64
		Debug|x86 = Debug|x86
		Release|x64 = Release|x64
		Release|x86 = Release|x86
	EndGlobalSection
	GlobalSection(ProjectConfigurationPlatforms) = postSolution
		{59F8B6C2-DC62-402A-ABB1-D1E3F5A564D4}.Debug|x64.ActiveCfg = Debug|x64
		{59F8B6C2-DC62-402A-ABB1-D1E3F5A564D4}.Debug|x64.Build.0 = Debug|x64
		{59F8B6C2-DC62-402A-ABB1-D1E3F5A564D4}.Debug|x86.ActiveCfg = Debug|Win32
		{59F8B6C2-DC62-402A-ABB1-D1E3F5A564D4}.Debug|x86.Build.0 = Debug|Win32
		{59F8B6C2-DC62-402A-ABB1-D1E3F5A564D4}.Release|x64.ActiveCfg = Release|x64
		{59F8B6C2-DC62-402A-ABB1-D1E3F5A564D4}.Release|x64.Build.0 = Release|x64
		{59F8B6C2-DC62-402A-ABB1-D1E3F5A564D4}.Release|x86.ActiveCfg = Release|Win32
		{59F8B6C2-DC62-402A-ABB1-D1E3F5A564D4}.Release|x86.Build.0 = Release|Win32
	EndGlobalSection
	GlobalSection(SolutionProperties) = preSolution
		HideSolutionNode = FALSE
	EndGlobalSection
	GlobalSection(ExtensibilityGlobals) = postSolution
		SolutionGuid = {A94F20C8-16AC-41E1-9E7E-26555D46B270}
	EndGlobalSection
EndGlobal
